
Microsoft Visual Studio Solution File, Format Version 12.00
# Visual Studio Version 17
VisualStudioVersion = 17.13.35825.156 d17.13
MinimumVisualStudioVersion = 10.0.40219.1
Project("{FAE04EC0-301F-11D3-BF4B-00C04F79EFBC}") = "ClearScriptJint.Benchmark", "ClearScriptJint.Benchmark.csproj", "{89A24DC0-141C-4B6D-8402-651B239048CF}"
EndProject
Global
	GlobalSection(SolutionConfigurationPlatforms) = preSolution
		Debug|Any CPU = Debug|Any CPU
		Release|Any CPU = Release|Any CPU
	EndGlobalSection
	GlobalSection(ProjectConfigurationPlatforms) = postSolution
		{89A24DC0-141C-4B6D-8402-651B239048CF}.Debug|Any CPU.ActiveCfg = Debug|Any CPU
		{89A24DC0-141C-4B6D-8402-651B239048CF}.Debug|Any CPU.Build.0 = Debug|Any CPU
		{89A24DC0-141C-4B6D-8402-651B239048CF}.Release|Any CPU.ActiveCfg = Release|Any CPU
		{89A24DC0-141C-4B6D-8402-651B239048CF}.Release|Any CPU.Build.0 = Release|Any CPU
	EndGlobalSection
	GlobalSection(SolutionProperties) = preSolution
		HideSolutionNode = FALSE
	EndGlobalSection
	GlobalSection(ExtensibilityGlobals) = postSolution
		SolutionGuid = {016086AC-DA57-4629-85E7-3A2FEC1CBC7C}
	EndGlobalSection
EndGlobal
